// !$*UTF8*$!
{
	archiveVersion = 1;
	classes = {
	};
	objectVersion = 56;
	objects = {

/* Begin PBXBuildFile section */
		BB1921CE29412D9D00E35441 /* Array.swift in Sources */ = {isa = PBXBuildFile; fileRef = BB1921CD29412D9D00E35441 /* Array.swift */; };
		BB1921D0294137FC00E35441 /* NotificationManager.swift in Sources */ = {isa = PBXBuildFile; fileRef = BB1921CF294137FC00E35441 /* NotificationManager.swift */; };
		BB19EA3D2946197A00D98B86 /* UserSettings.swift in Sources */ = {isa = PBXBuildFile; fileRef = BB588DD8293534610092582B /* UserSettings.swift */; };
		BB19EA3E294619A000D98B86 /* Tag.swift in Sources */ = {isa = PBXBuildFile; fileRef = BBCDE097293BA589008FA36B /* Tag.swift */; };
		BB19EA402946230E00D98B86 /* Assets.xcassets in Resources */ = {isa = PBXBuildFile; fileRef = BBAAD6A92931240900D78380 /* Assets.xcassets */; };
		BB19EA4229462A4C00D98B86 /* Assets.xcassets in Resources */ = {isa = PBXBuildFile; fileRef = BB19EA4129462A4C00D98B86 /* Assets.xcassets */; };
		BB19EA442946308100D98B86 /* DayModel.swift in Sources */ = {isa = PBXBuildFile; fileRef = BBAAD6C52932752700D78380 /* DayModel.swift */; };
		BB19EA452946309B00D98B86 /* Color.swift in Sources */ = {isa = PBXBuildFile; fileRef = BBAAD6C1293272CD00D78380 /* Color.swift */; };
		BB19EA46294630B300D98B86 /* Date.swift in Sources */ = {isa = PBXBuildFile; fileRef = BBAAD6BD293143D100D78380 /* Date.swift */; };
		BB38CF3E293A2FEC00B6A662 /* UIApplication.swift in Sources */ = {isa = PBXBuildFile; fileRef = BB38CF3D293A2FEC00B6A662 /* UIApplication.swift */; };
		BB588DD729352E6D0092582B /* String.swift in Sources */ = {isa = PBXBuildFile; fileRef = BB588DD629352E6D0092582B /* String.swift */; };
		BB588DD9293534610092582B /* UserSettings.swift in Sources */ = {isa = PBXBuildFile; fileRef = BB588DD8293534610092582B /* UserSettings.swift */; };
		BB6B01442940F8F90027FF90 /* CalendarView.swift in Sources */ = {isa = PBXBuildFile; fileRef = BB6B01432940F8F90027FF90 /* CalendarView.swift */; };
		BB6B01462940F9340027FF90 /* CalendarViewModel.swift in Sources */ = {isa = PBXBuildFile; fileRef = BB6B01452940F9340027FF90 /* CalendarViewModel.swift */; };
		BB6B01482941167D0027FF90 /* ReminderList.swift in Sources */ = {isa = PBXBuildFile; fileRef = BB6B01472941167D0027FF90 /* ReminderList.swift */; };
		BB6B014C294118D70027FF90 /* ReminderRowView.swift in Sources */ = {isa = PBXBuildFile; fileRef = BB6B014B294118D70027FF90 /* ReminderRowView.swift */; };
		BB6B014E29411F920027FF90 /* ReminderListViewModel.swift in Sources */ = {isa = PBXBuildFile; fileRef = BB6B014D29411F920027FF90 /* ReminderListViewModel.swift */; };
		BB7C453929469DBE0054B4B5 /* SettingManager.swift in Sources */ = {isa = PBXBuildFile; fileRef = BB9F7C6F2936422400D3DA74 /* SettingManager.swift */; };
		BB9557362942301C00918D6C /* WidgetKit.framework in Frameworks */ = {isa = PBXBuildFile; fileRef = BB955718294227D300918D6C /* WidgetKit.framework */; };
		BB9557372942301C00918D6C /* SwiftUI.framework in Frameworks */ = {isa = PBXBuildFile; fileRef = BB95571A294227D300918D6C /* SwiftUI.framework */; };
		BB95573C2942301C00918D6C /* PlannerWidget.swift in Sources */ = {isa = PBXBuildFile; fileRef = BB95573B2942301C00918D6C /* PlannerWidget.swift */; };
		BB9557452942301D00918D6C /* PlannerWidgetExtension.appex in Embed Foundation Extensions */ = {isa = PBXBuildFile; fileRef = BB9557352942301C00918D6C /* PlannerWidgetExtension.appex */; settings = {ATTRIBUTES = (RemoveHeadersOnCopy, ); }; };
		BB9814A12934F3F0004B7302 /* SettingsView.swift in Sources */ = {isa = PBXBuildFile; fileRef = BB9814A02934F3F0004B7302 /* SettingsView.swift */; };
		BB9814A32934F3FC004B7302 /* SettingsViewModel.swift in Sources */ = {isa = PBXBuildFile; fileRef = BB9814A22934F3FC004B7302 /* SettingsViewModel.swift */; };
		BB9F7C702936422400D3DA74 /* SettingManager.swift in Sources */ = {isa = PBXBuildFile; fileRef = BB9F7C6F2936422400D3DA74 /* SettingManager.swift */; };
		BBAAD6A62931240800D78380 /* PlannerApp.swift in Sources */ = {isa = PBXBuildFile; fileRef = BBAAD6A52931240800D78380 /* PlannerApp.swift */; };
		BBAAD6A82931240800D78380 /* MainScreenView.swift in Sources */ = {isa = PBXBuildFile; fileRef = BBAAD6A72931240800D78380 /* MainScreenView.swift */; };
		BBAAD6AA2931240900D78380 /* Assets.xcassets in Resources */ = {isa = PBXBuildFile; fileRef = BBAAD6A92931240900D78380 /* Assets.xcassets */; };
		BBAAD6B52931256000D78380 /* Launch Screen.storyboard in Resources */ = {isa = PBXBuildFile; fileRef = BBAAD6B42931256000D78380 /* Launch Screen.storyboard */; };
		BBAAD6B7293127B100D78380 /* LaunchView.swift in Sources */ = {isa = PBXBuildFile; fileRef = BBAAD6B6293127B100D78380 /* LaunchView.swift */; };
		BBAAD6BE293143D100D78380 /* Date.swift in Sources */ = {isa = PBXBuildFile; fileRef = BBAAD6BD293143D100D78380 /* Date.swift */; };
		BBAAD6C029316A7B00D78380 /* DayView.swift in Sources */ = {isa = PBXBuildFile; fileRef = BBAAD6BF29316A7B00D78380 /* DayView.swift */; };
		BBAAD6C2293272CD00D78380 /* Color.swift in Sources */ = {isa = PBXBuildFile; fileRef = BBAAD6C1293272CD00D78380 /* Color.swift */; };
		BBAAD6C42932745700D78380 /* MainScreenViewModel.swift in Sources */ = {isa = PBXBuildFile; fileRef = BBAAD6C32932745700D78380 /* MainScreenViewModel.swift */; };
		BBAAD6C62932752700D78380 /* DayModel.swift in Sources */ = {isa = PBXBuildFile; fileRef = BBAAD6C52932752700D78380 /* DayModel.swift */; };
		BBAAD6CF29327C0600D78380 /* DevPrefs.swift in Sources */ = {isa = PBXBuildFile; fileRef = BBAAD6CE29327C0600D78380 /* DevPrefs.swift */; };
		BBCDE098293BA589008FA36B /* Tag.swift in Sources */ = {isa = PBXBuildFile; fileRef = BBCDE097293BA589008FA36B /* Tag.swift */; };
		BBCDE09A293BA5A7008FA36B /* TagView.swift in Sources */ = {isa = PBXBuildFile; fileRef = BBCDE099293BA5A7008FA36B /* TagView.swift */; };
		BBEAC2352944DBD2005F1BB8 /* Provider.swift in Sources */ = {isa = PBXBuildFile; fileRef = BBEAC2342944DBD2005F1BB8 /* Provider.swift */; };
		BBEAC2372944DC7B005F1BB8 /* SimpleEntry.swift in Sources */ = {isa = PBXBuildFile; fileRef = BBEAC2362944DC7B005F1BB8 /* SimpleEntry.swift */; };
		BBEAC2392944DCA1005F1BB8 /* WidgetView.swift in Sources */ = {isa = PBXBuildFile; fileRef = BBEAC2382944DCA1005F1BB8 /* WidgetView.swift */; };
		BBEAC23B2944DDE0005F1BB8 /* MediumSizeView.swift in Sources */ = {isa = PBXBuildFile; fileRef = BBEAC23A2944DDE0005F1BB8 /* MediumSizeView.swift */; };
		BBEAC23D2944DDEE005F1BB8 /* LargeSizeView.swift in Sources */ = {isa = PBXBuildFile; fileRef = BBEAC23C2944DDEE005F1BB8 /* LargeSizeView.swift */; };
		BBEAC23F2944E34B005F1BB8 /* Reminder.swift in Sources */ = {isa = PBXBuildFile; fileRef = BBF07F21293937C1005B1705 /* Reminder.swift */; };
		BBF07F04293923BA005B1705 /* HapticManager.swift in Sources */ = {isa = PBXBuildFile; fileRef = BBF07F03293923BA005B1705 /* HapticManager.swift */; };
		BBF07F0629392402005B1705 /* ReminderCompletionCircleView.swift in Sources */ = {isa = PBXBuildFile; fileRef = BBF07F0529392402005B1705 /* ReminderCompletionCircleView.swift */; };
		BBF07F22293937C1005B1705 /* Reminder.swift in Sources */ = {isa = PBXBuildFile; fileRef = BBF07F21293937C1005B1705 /* Reminder.swift */; };
		BBF98DD42948F82900844556 /* Calendar.swift in Sources */ = {isa = PBXBuildFile; fileRef = BBF98DD32948F82900844556 /* Calendar.swift */; };
		BBF98DD52948F95500844556 /* Calendar.swift in Sources */ = {isa = PBXBuildFile; fileRef = BBF98DD32948F82900844556 /* Calendar.swift */; };
/* End PBXBuildFile section */

/* Begin PBXContainerItemProxy section */
		BB9557432942301D00918D6C /* PBXContainerItemProxy */ = {
			isa = PBXContainerItemProxy;
			containerPortal = BBAAD69A2931240800D78380 /* Project object */;
			proxyType = 1;
			remoteGlobalIDString = BB9557342942301C00918D6C;
			remoteInfo = PlannerWidgetExtension;
		};
/* End PBXContainerItemProxy section */

/* Begin PBXCopyFilesBuildPhase section */
		BB955729294227D400918D6C /* Embed Foundation Extensions */ = {
			isa = PBXCopyFilesBuildPhase;
			buildActionMask = 2147483647;
			dstPath = "";
			dstSubfolderSpec = 13;
			files = (
				BB9557452942301D00918D6C /* PlannerWidgetExtension.appex in Embed Foundation Extensions */,
			);
			name = "Embed Foundation Extensions";
			runOnlyForDeploymentPostprocessing = 0;
		};
/* End PBXCopyFilesBuildPhase section */

/* Begin PBXFileReference section */
		BB1921CD29412D9D00E35441 /* Array.swift */ = {isa = PBXFileReference; lastKnownFileType = sourcecode.swift; path = Array.swift; sourceTree = "<group>"; };
		BB1921CF294137FC00E35441 /* NotificationManager.swift */ = {isa = PBXFileReference; lastKnownFileType = sourcecode.swift; path = NotificationManager.swift; sourceTree = "<group>"; };
		BB19EA3A294605C700D98B86 /* Planner.entitlements */ = {isa = PBXFileReference; lastKnownFileType = text.plist.entitlements; path = Planner.entitlements; sourceTree = "<group>"; };
		BB19EA3B2946061100D98B86 /* PlannerWidgetExtension.entitlements */ = {isa = PBXFileReference; lastKnownFileType = text.plist.entitlements; path = PlannerWidgetExtension.entitlements; sourceTree = "<group>"; };
		BB19EA4129462A4C00D98B86 /* Assets.xcassets */ = {isa = PBXFileReference; lastKnownFileType = folder.assetcatalog; path = Assets.xcassets; sourceTree = "<group>"; };
		BB38CF3D293A2FEC00B6A662 /* UIApplication.swift */ = {isa = PBXFileReference; lastKnownFileType = sourcecode.swift; path = UIApplication.swift; sourceTree = "<group>"; };
		BB588DD629352E6D0092582B /* String.swift */ = {isa = PBXFileReference; lastKnownFileType = sourcecode.swift; path = String.swift; sourceTree = "<group>"; };
		BB588DD8293534610092582B /* UserSettings.swift */ = {isa = PBXFileReference; lastKnownFileType = sourcecode.swift; path = UserSettings.swift; sourceTree = "<group>"; };
		BB6B01432940F8F90027FF90 /* CalendarView.swift */ = {isa = PBXFileReference; lastKnownFileType = sourcecode.swift; path = CalendarView.swift; sourceTree = "<group>"; };
		BB6B01452940F9340027FF90 /* CalendarViewModel.swift */ = {isa = PBXFileReference; lastKnownFileType = sourcecode.swift; path = CalendarViewModel.swift; sourceTree = "<group>"; };
		BB6B01472941167D0027FF90 /* ReminderList.swift */ = {isa = PBXFileReference; lastKnownFileType = sourcecode.swift; path = ReminderList.swift; sourceTree = "<group>"; };
		BB6B014B294118D70027FF90 /* ReminderRowView.swift */ = {isa = PBXFileReference; lastKnownFileType = sourcecode.swift; path = ReminderRowView.swift; sourceTree = "<group>"; };
		BB6B014D29411F920027FF90 /* ReminderListViewModel.swift */ = {isa = PBXFileReference; lastKnownFileType = sourcecode.swift; path = ReminderListViewModel.swift; sourceTree = "<group>"; };
		BB955718294227D300918D6C /* WidgetKit.framework */ = {isa = PBXFileReference; lastKnownFileType = wrapper.framework; name = WidgetKit.framework; path = System/Library/Frameworks/WidgetKit.framework; sourceTree = SDKROOT; };
		BB95571A294227D300918D6C /* SwiftUI.framework */ = {isa = PBXFileReference; lastKnownFileType = wrapper.framework; name = SwiftUI.framework; path = System/Library/Frameworks/SwiftUI.framework; sourceTree = SDKROOT; };
		BB9557352942301C00918D6C /* PlannerWidgetExtension.appex */ = {isa = PBXFileReference; explicitFileType = "wrapper.app-extension"; includeInIndex = 0; path = PlannerWidgetExtension.appex; sourceTree = BUILT_PRODUCTS_DIR; };
		BB95573B2942301C00918D6C /* PlannerWidget.swift */ = {isa = PBXFileReference; lastKnownFileType = sourcecode.swift; path = PlannerWidget.swift; sourceTree = "<group>"; };
		BB9557402942301D00918D6C /* Info.plist */ = {isa = PBXFileReference; lastKnownFileType = text.plist.xml; path = Info.plist; sourceTree = "<group>"; };
		BB9814A02934F3F0004B7302 /* SettingsView.swift */ = {isa = PBXFileReference; lastKnownFileType = sourcecode.swift; path = SettingsView.swift; sourceTree = "<group>"; };
		BB9814A22934F3FC004B7302 /* SettingsViewModel.swift */ = {isa = PBXFileReference; lastKnownFileType = sourcecode.swift; path = SettingsViewModel.swift; sourceTree = "<group>"; };
		BB9F7C6F2936422400D3DA74 /* SettingManager.swift */ = {isa = PBXFileReference; lastKnownFileType = sourcecode.swift; path = SettingManager.swift; sourceTree = "<group>"; };
		BBAAD6A22931240800D78380 /* Planner.app */ = {isa = PBXFileReference; explicitFileType = wrapper.application; includeInIndex = 0; path = Planner.app; sourceTree = BUILT_PRODUCTS_DIR; };
		BBAAD6A52931240800D78380 /* PlannerApp.swift */ = {isa = PBXFileReference; lastKnownFileType = sourcecode.swift; path = PlannerApp.swift; sourceTree = "<group>"; };
		BBAAD6A72931240800D78380 /* MainScreenView.swift */ = {isa = PBXFileReference; lastKnownFileType = sourcecode.swift; path = MainScreenView.swift; sourceTree = "<group>"; };
		BBAAD6A92931240900D78380 /* Assets.xcassets */ = {isa = PBXFileReference; lastKnownFileType = folder.assetcatalog; path = Assets.xcassets; sourceTree = "<group>"; };
		BBAAD6B42931256000D78380 /* Launch Screen.storyboard */ = {isa = PBXFileReference; lastKnownFileType = file.storyboard; path = "Launch Screen.storyboard"; sourceTree = "<group>"; };
		BBAAD6B6293127B100D78380 /* LaunchView.swift */ = {isa = PBXFileReference; lastKnownFileType = sourcecode.swift; path = LaunchView.swift; sourceTree = "<group>"; };
		BBAAD6BD293143D100D78380 /* Date.swift */ = {isa = PBXFileReference; lastKnownFileType = sourcecode.swift; path = Date.swift; sourceTree = "<group>"; };
		BBAAD6BF29316A7B00D78380 /* DayView.swift */ = {isa = PBXFileReference; lastKnownFileType = sourcecode.swift; path = DayView.swift; sourceTree = "<group>"; };
		BBAAD6C1293272CD00D78380 /* Color.swift */ = {isa = PBXFileReference; lastKnownFileType = sourcecode.swift; path = Color.swift; sourceTree = "<group>"; };
		BBAAD6C32932745700D78380 /* MainScreenViewModel.swift */ = {isa = PBXFileReference; lastKnownFileType = sourcecode.swift; path = MainScreenViewModel.swift; sourceTree = "<group>"; };
		BBAAD6C52932752700D78380 /* DayModel.swift */ = {isa = PBXFileReference; lastKnownFileType = sourcecode.swift; path = DayModel.swift; sourceTree = "<group>"; };
		BBAAD6CE29327C0600D78380 /* DevPrefs.swift */ = {isa = PBXFileReference; lastKnownFileType = sourcecode.swift; path = DevPrefs.swift; sourceTree = "<group>"; };
		BBCDE097293BA589008FA36B /* Tag.swift */ = {isa = PBXFileReference; lastKnownFileType = sourcecode.swift; path = Tag.swift; sourceTree = "<group>"; };
		BBCDE099293BA5A7008FA36B /* TagView.swift */ = {isa = PBXFileReference; lastKnownFileType = sourcecode.swift; path = TagView.swift; sourceTree = "<group>"; };
		BBEAC2342944DBD2005F1BB8 /* Provider.swift */ = {isa = PBXFileReference; lastKnownFileType = sourcecode.swift; path = Provider.swift; sourceTree = "<group>"; };
		BBEAC2362944DC7B005F1BB8 /* SimpleEntry.swift */ = {isa = PBXFileReference; lastKnownFileType = sourcecode.swift; path = SimpleEntry.swift; sourceTree = "<group>"; };
		BBEAC2382944DCA1005F1BB8 /* WidgetView.swift */ = {isa = PBXFileReference; lastKnownFileType = sourcecode.swift; path = WidgetView.swift; sourceTree = "<group>"; };
		BBEAC23A2944DDE0005F1BB8 /* MediumSizeView.swift */ = {isa = PBXFileReference; lastKnownFileType = sourcecode.swift; path = MediumSizeView.swift; sourceTree = "<group>"; };
		BBEAC23C2944DDEE005F1BB8 /* LargeSizeView.swift */ = {isa = PBXFileReference; lastKnownFileType = sourcecode.swift; path = LargeSizeView.swift; sourceTree = "<group>"; };
		BBF07F03293923BA005B1705 /* HapticManager.swift */ = {isa = PBXFileReference; lastKnownFileType = sourcecode.swift; path = HapticManager.swift; sourceTree = "<group>"; };
		BBF07F0529392402005B1705 /* ReminderCompletionCircleView.swift */ = {isa = PBXFileReference; lastKnownFileType = sourcecode.swift; path = ReminderCompletionCircleView.swift; sourceTree = "<group>"; };
		BBF07F21293937C1005B1705 /* Reminder.swift */ = {isa = PBXFileReference; lastKnownFileType = sourcecode.swift; path = Reminder.swift; sourceTree = "<group>"; };
		BBF98DD32948F82900844556 /* Calendar.swift */ = {isa = PBXFileReference; lastKnownFileType = sourcecode.swift; path = Calendar.swift; sourceTree = "<group>"; };
/* End PBXFileReference section */

/* Begin PBXFrameworksBuildPhase section */
		BB9557322942301C00918D6C /* Frameworks */ = {
			isa = PBXFrameworksBuildPhase;
			buildActionMask = 2147483647;
			files = (
				BB9557372942301C00918D6C /* SwiftUI.framework in Frameworks */,
				BB9557362942301C00918D6C /* WidgetKit.framework in Frameworks */,
			);
			runOnlyForDeploymentPostprocessing = 0;
		};
		BBAAD69F2931240800D78380 /* Frameworks */ = {
			isa = PBXFrameworksBuildPhase;
			buildActionMask = 2147483647;
			files = (
			);
			runOnlyForDeploymentPostprocessing = 0;
		};
/* End PBXFrameworksBuildPhase section */

/* Begin PBXGroup section */
		BB955717294227D300918D6C /* Frameworks */ = {
			isa = PBXGroup;
			children = (
				BB955718294227D300918D6C /* WidgetKit.framework */,
				BB95571A294227D300918D6C /* SwiftUI.framework */,
			);
			name = Frameworks;
			sourceTree = "<group>";
		};
		BB9557382942301C00918D6C /* PlannerWidget */ = {
			isa = PBXGroup;
			children = (
				BBEAC23E2944DDF8005F1BB8 /* Views */,
				BB95573B2942301C00918D6C /* PlannerWidget.swift */,
				BBEAC2342944DBD2005F1BB8 /* Provider.swift */,
				BBEAC2362944DC7B005F1BB8 /* SimpleEntry.swift */,
				BB9557402942301D00918D6C /* Info.plist */,
				BB19EA4129462A4C00D98B86 /* Assets.xcassets */,
			);
			path = PlannerWidget;
			sourceTree = "<group>";
		};
		BB9F7C6E2936421900D3DA74 /* Services */ = {
			isa = PBXGroup;
			children = (
				BBF07F03293923BA005B1705 /* HapticManager.swift */,
				BB1921CF294137FC00E35441 /* NotificationManager.swift */,
				BB9F7C6F2936422400D3DA74 /* SettingManager.swift */,
			);
			path = Services;
			sourceTree = "<group>";
		};
		BBAAD6992931240800D78380 = {
			isa = PBXGroup;
			children = (
				BB19EA3B2946061100D98B86 /* PlannerWidgetExtension.entitlements */,
				BBAAD6A42931240800D78380 /* Planner */,
				BB9557382942301C00918D6C /* PlannerWidget */,
				BB955717294227D300918D6C /* Frameworks */,
				BBAAD6A32931240800D78380 /* Products */,
			);
			sourceTree = "<group>";
		};
		BBAAD6A32931240800D78380 /* Products */ = {
			isa = PBXGroup;
			children = (
				BBAAD6A22931240800D78380 /* Planner.app */,
				BB9557352942301C00918D6C /* PlannerWidgetExtension.appex */,
			);
			name = Products;
			sourceTree = "<group>";
		};
		BBAAD6A42931240800D78380 /* Planner */ = {
			isa = PBXGroup;
			children = (
				BB19EA3A294605C700D98B86 /* Planner.entitlements */,
				BBAAD6A52931240800D78380 /* PlannerApp.swift */,
				BB9F7C6E2936421900D3DA74 /* Services */,
				BBAAD6CA29327B7200D78380 /* ViewModels */,
				BBAAD6C829327B6200D78380 /* Views */,
				BBAAD6CD29327BF300D78380 /* Other */,
				BBAAD6C729327B5600D78380 /* Models */,
				BBAAD6B82931280A00D78380 /* Extensions */,
				BBAAD6B32931255600D78380 /* Launch */,
				BBAAD6A92931240900D78380 /* Assets.xcassets */,
			);
			path = Planner;
			sourceTree = "<group>";
		};
		BBAAD6B32931255600D78380 /* Launch */ = {
			isa = PBXGroup;
			children = (
				BBAAD6B42931256000D78380 /* Launch Screen.storyboard */,
				BBAAD6B6293127B100D78380 /* LaunchView.swift */,
			);
			path = Launch;
			sourceTree = "<group>";
		};
		BBAAD6B82931280A00D78380 /* Extensions */ = {
			isa = PBXGroup;
			children = (
				BBAAD6BD293143D100D78380 /* Date.swift */,
				BBAAD6C1293272CD00D78380 /* Color.swift */,
				BB588DD629352E6D0092582B /* String.swift */,
				BB38CF3D293A2FEC00B6A662 /* UIApplication.swift */,
				BB1921CD29412D9D00E35441 /* Array.swift */,
				BBF98DD32948F82900844556 /* Calendar.swift */,
			);
			path = Extensions;
			sourceTree = "<group>";
		};
		BBAAD6C729327B5600D78380 /* Models */ = {
			isa = PBXGroup;
			children = (
				BBAAD6C52932752700D78380 /* DayModel.swift */,
				BB588DD8293534610092582B /* UserSettings.swift */,
				BBF07F21293937C1005B1705 /* Reminder.swift */,
				BBCDE097293BA589008FA36B /* Tag.swift */,
			);
			path = Models;
			sourceTree = "<group>";
		};
		BBAAD6C829327B6200D78380 /* Views */ = {
			isa = PBXGroup;
			children = (
				BBF07F00293922B8005B1705 /* General */,
				BBF07EFF293922AD005B1705 /* Calendar */,
				BBF07EFE2939229E005B1705 /* Reminders */,
			);
			path = Views;
			sourceTree = "<group>";
		};
		BBAAD6CA29327B7200D78380 /* ViewModels */ = {
			isa = PBXGroup;
			children = (
				BBAAD6C32932745700D78380 /* MainScreenViewModel.swift */,
				BB9814A22934F3FC004B7302 /* SettingsViewModel.swift */,
				BB6B01452940F9340027FF90 /* CalendarViewModel.swift */,
				BB6B014D29411F920027FF90 /* ReminderListViewModel.swift */,
			);
			path = ViewModels;
			sourceTree = "<group>";
		};
		BBAAD6CD29327BF300D78380 /* Other */ = {
			isa = PBXGroup;
			children = (
				BBAAD6CE29327C0600D78380 /* DevPrefs.swift */,
			);
			path = Other;
			sourceTree = "<group>";
		};
		BBEAC23E2944DDF8005F1BB8 /* Views */ = {
			isa = PBXGroup;
			children = (
				BBEAC2382944DCA1005F1BB8 /* WidgetView.swift */,
				BBEAC23A2944DDE0005F1BB8 /* MediumSizeView.swift */,
				BBEAC23C2944DDEE005F1BB8 /* LargeSizeView.swift */,
			);
			path = Views;
			sourceTree = "<group>";
		};
		BBF07EFE2939229E005B1705 /* Reminders */ = {
			isa = PBXGroup;
			children = (
				BBF07F0529392402005B1705 /* ReminderCompletionCircleView.swift */,
				BB6B01472941167D0027FF90 /* ReminderList.swift */,
				BB6B014B294118D70027FF90 /* ReminderRowView.swift */,
			);
			path = Reminders;
			sourceTree = "<group>";
		};
		BBF07EFF293922AD005B1705 /* Calendar */ = {
			isa = PBXGroup;
			children = (
				BBAAD6BF29316A7B00D78380 /* DayView.swift */,
				BB6B01432940F8F90027FF90 /* CalendarView.swift */,
			);
			path = Calendar;
			sourceTree = "<group>";
		};
		BBF07F00293922B8005B1705 /* General */ = {
			isa = PBXGroup;
			children = (
				BB9814A02934F3F0004B7302 /* SettingsView.swift */,
				BBAAD6A72931240800D78380 /* MainScreenView.swift */,
				BBCDE099293BA5A7008FA36B /* TagView.swift */,
			);
			path = General;
			sourceTree = "<group>";
		};
/* End PBXGroup section */

/* Begin PBXNativeTarget section */
		BB9557342942301C00918D6C /* PlannerWidgetExtension */ = {
			isa = PBXNativeTarget;
			buildConfigurationList = BB9557462942301D00918D6C /* Build configuration list for PBXNativeTarget "PlannerWidgetExtension" */;
			buildPhases = (
				BB9557312942301C00918D6C /* Sources */,
				BB9557322942301C00918D6C /* Frameworks */,
				BB9557332942301C00918D6C /* Resources */,
			);
			buildRules = (
			);
			dependencies = (
			);
			name = PlannerWidgetExtension;
			productName = PlannerWidgetExtension;
			productReference = BB9557352942301C00918D6C /* PlannerWidgetExtension.appex */;
			productType = "com.apple.product-type.app-extension";
		};
		BBAAD6A12931240800D78380 /* Planner */ = {
			isa = PBXNativeTarget;
			buildConfigurationList = BBAAD6B02931240900D78380 /* Build configuration list for PBXNativeTarget "Planner" */;
			buildPhases = (
				BBAAD69E2931240800D78380 /* Sources */,
				BBAAD69F2931240800D78380 /* Frameworks */,
				BBAAD6A02931240800D78380 /* Resources */,
				BB955729294227D400918D6C /* Embed Foundation Extensions */,
			);
			buildRules = (
			);
			dependencies = (
				BB9557442942301D00918D6C /* PBXTargetDependency */,
			);
			name = Planner;
			productName = Planner;
			productReference = BBAAD6A22931240800D78380 /* Planner.app */;
			productType = "com.apple.product-type.application";
		};
/* End PBXNativeTarget section */

/* Begin PBXProject section */
		BBAAD69A2931240800D78380 /* Project object */ = {
			isa = PBXProject;
			attributes = {
				BuildIndependentTargetsInParallel = 1;
				LastSwiftUpdateCheck = 1410;
				LastUpgradeCheck = 1410;
				TargetAttributes = {
					BB9557342942301C00918D6C = {
						CreatedOnToolsVersion = 14.1;
					};
					BBAAD6A12931240800D78380 = {
						CreatedOnToolsVersion = 14.1;
					};
				};
			};
			buildConfigurationList = BBAAD69D2931240800D78380 /* Build configuration list for PBXProject "Planner" */;
			compatibilityVersion = "Xcode 14.0";
			developmentRegion = en;
			hasScannedForEncodings = 0;
			knownRegions = (
				en,
				Base,
			);
			mainGroup = BBAAD6992931240800D78380;
			productRefGroup = BBAAD6A32931240800D78380 /* Products */;
			projectDirPath = "";
			projectRoot = "";
			targets = (
				BBAAD6A12931240800D78380 /* Planner */,
				BB9557342942301C00918D6C /* PlannerWidgetExtension */,
			);
		};
/* End PBXProject section */

/* Begin PBXResourcesBuildPhase section */
		BB9557332942301C00918D6C /* Resources */ = {
			isa = PBXResourcesBuildPhase;
			buildActionMask = 2147483647;
			files = (
				BB19EA4229462A4C00D98B86 /* Assets.xcassets in Resources */,
				BB19EA402946230E00D98B86 /* Assets.xcassets in Resources */,
			);
			runOnlyForDeploymentPostprocessing = 0;
		};
		BBAAD6A02931240800D78380 /* Resources */ = {
			isa = PBXResourcesBuildPhase;
			buildActionMask = 2147483647;
			files = (
				BBAAD6B52931256000D78380 /* Launch Screen.storyboard in Resources */,
				BBAAD6AA2931240900D78380 /* Assets.xcassets in Resources */,
			);
			runOnlyForDeploymentPostprocessing = 0;
		};
/* End PBXResourcesBuildPhase section */

/* Begin PBXSourcesBuildPhase section */
		BB9557312942301C00918D6C /* Sources */ = {
			isa = PBXSourcesBuildPhase;
			buildActionMask = 2147483647;
			files = (
				BB19EA3E294619A000D98B86 /* Tag.swift in Sources */,
				BBEAC2372944DC7B005F1BB8 /* SimpleEntry.swift in Sources */,
				BBEAC23F2944E34B005F1BB8 /* Reminder.swift in Sources */,
				BB7C453929469DBE0054B4B5 /* SettingManager.swift in Sources */,
				BB95573C2942301C00918D6C /* PlannerWidget.swift in Sources */,
				BB19EA452946309B00D98B86 /* Color.swift in Sources */,
				BBEAC23B2944DDE0005F1BB8 /* MediumSizeView.swift in Sources */,
				BBEAC23D2944DDEE005F1BB8 /* LargeSizeView.swift in Sources */,
				BBEAC2392944DCA1005F1BB8 /* WidgetView.swift in Sources */,
				BBEAC2352944DBD2005F1BB8 /* Provider.swift in Sources */,
				BB19EA3D2946197A00D98B86 /* UserSettings.swift in Sources */,
				BB19EA46294630B300D98B86 /* Date.swift in Sources */,
				BB19EA442946308100D98B86 /* DayModel.swift in Sources */,
				BBF98DD52948F95500844556 /* Calendar.swift in Sources */,
			);
			runOnlyForDeploymentPostprocessing = 0;
		};
		BBAAD69E2931240800D78380 /* Sources */ = {
			isa = PBXSourcesBuildPhase;
			buildActionMask = 2147483647;
			files = (
				BBCDE098293BA589008FA36B /* Tag.swift in Sources */,
				BB38CF3E293A2FEC00B6A662 /* UIApplication.swift in Sources */,
				BBAAD6C029316A7B00D78380 /* DayView.swift in Sources */,
				BBAAD6A82931240800D78380 /* MainScreenView.swift in Sources */,
				BBF07F22293937C1005B1705 /* Reminder.swift in Sources */,
				BB6B01442940F8F90027FF90 /* CalendarView.swift in Sources */,
				BBCDE09A293BA5A7008FA36B /* TagView.swift in Sources */,
				BBAAD6CF29327C0600D78380 /* DevPrefs.swift in Sources */,
				BB6B014E29411F920027FF90 /* ReminderListViewModel.swift in Sources */,
				BB1921CE29412D9D00E35441 /* Array.swift in Sources */,
				BBAAD6C2293272CD00D78380 /* Color.swift in Sources */,
				BB6B01482941167D0027FF90 /* ReminderList.swift in Sources */,
				BB1921D0294137FC00E35441 /* NotificationManager.swift in Sources */,
				BB588DD729352E6D0092582B /* String.swift in Sources */,
				BB6B014C294118D70027FF90 /* ReminderRowView.swift in Sources */,
				BBAAD6C62932752700D78380 /* DayModel.swift in Sources */,
				BBAAD6BE293143D100D78380 /* Date.swift in Sources */,
				BB9F7C702936422400D3DA74 /* SettingManager.swift in Sources */,
				BBAAD6B7293127B100D78380 /* LaunchView.swift in Sources */,
				BB9814A32934F3FC004B7302 /* SettingsViewModel.swift in Sources */,
				BBF07F0629392402005B1705 /* ReminderCompletionCircleView.swift in Sources */,
				BBAAD6C42932745700D78380 /* MainScreenViewModel.swift in Sources */,
				BB9814A12934F3F0004B7302 /* SettingsView.swift in Sources */,
				BBF07F04293923BA005B1705 /* HapticManager.swift in Sources */,
				BBAAD6A62931240800D78380 /* PlannerApp.swift in Sources */,
				BB6B01462940F9340027FF90 /* CalendarViewModel.swift in Sources */,
				BB588DD9293534610092582B /* UserSettings.swift in Sources */,
				BBF98DD42948F82900844556 /* Calendar.swift in Sources */,
			);
			runOnlyForDeploymentPostprocessing = 0;
		};
/* End PBXSourcesBuildPhase section */

/* Begin PBXTargetDependency section */
		BB9557442942301D00918D6C /* PBXTargetDependency */ = {
			isa = PBXTargetDependency;
			target = BB9557342942301C00918D6C /* PlannerWidgetExtension */;
			targetProxy = BB9557432942301D00918D6C /* PBXContainerItemProxy */;
		};
/* End PBXTargetDependency section */

/* Begin XCBuildConfiguration section */
		BB9557472942301D00918D6C /* Debug */ = {
			isa = XCBuildConfiguration;
			buildSettings = {
				ASSETCATALOG_COMPILER_GLOBAL_ACCENT_COLOR_NAME = AccentColor;
				ASSETCATALOG_COMPILER_WIDGET_BACKGROUND_COLOR_NAME = WidgetBackground;
				CODE_SIGN_ENTITLEMENTS = PlannerWidgetExtension.entitlements;
				CODE_SIGN_STYLE = Automatic;
				CURRENT_PROJECT_VERSION = 1;
				DEVELOPMENT_TEAM = VFJ7656544;
				GENERATE_INFOPLIST_FILE = YES;
				INFOPLIST_FILE = PlannerWidget/Info.plist;
				INFOPLIST_KEY_CFBundleDisplayName = PlannerWidget;
				INFOPLIST_KEY_NSHumanReadableCopyright = "";
				LD_RUNPATH_SEARCH_PATHS = (
					"$(inherited)",
					"@executable_path/Frameworks",
					"@executable_path/../../Frameworks",
				);
				MARKETING_VERSION = 1.0;
				PRODUCT_BUNDLE_IDENTIFIER = stuffeddanny.Planner.PlannerWidget;
				PRODUCT_NAME = "$(TARGET_NAME)";
				SKIP_INSTALL = YES;
				SWIFT_EMIT_LOC_STRINGS = YES;
				SWIFT_VERSION = 5.0;
				TARGETED_DEVICE_FAMILY = "1,2";
			};
			name = Debug;
		};
		BB9557482942301D00918D6C /* Release */ = {
			isa = XCBuildConfiguration;
			buildSettings = {
				ASSETCATALOG_COMPILER_GLOBAL_ACCENT_COLOR_NAME = AccentColor;
				ASSETCATALOG_COMPILER_WIDGET_BACKGROUND_COLOR_NAME = WidgetBackground;
				CODE_SIGN_ENTITLEMENTS = PlannerWidgetExtension.entitlements;
				CODE_SIGN_STYLE = Automatic;
				CURRENT_PROJECT_VERSION = 1;
				DEVELOPMENT_TEAM = VFJ7656544;
				GENERATE_INFOPLIST_FILE = YES;
				INFOPLIST_FILE = PlannerWidget/Info.plist;
				INFOPLIST_KEY_CFBundleDisplayName = PlannerWidget;
				INFOPLIST_KEY_NSHumanReadableCopyright = "";
				LD_RUNPATH_SEARCH_PATHS = (
					"$(inherited)",
					"@executable_path/Frameworks",
					"@executable_path/../../Frameworks",
				);
				MARKETING_VERSION = 1.0;
				PRODUCT_BUNDLE_IDENTIFIER = stuffeddanny.Planner.PlannerWidget;
				PRODUCT_NAME = "$(TARGET_NAME)";
				SKIP_INSTALL = YES;
				SWIFT_EMIT_LOC_STRINGS = YES;
				SWIFT_VERSION = 5.0;
				TARGETED_DEVICE_FAMILY = "1,2";
			};
			name = Release;
		};
		BBAAD6AE2931240900D78380 /* Debug */ = {
			isa = XCBuildConfiguration;
			buildSettings = {
				ALWAYS_SEARCH_USER_PATHS = NO;
				CLANG_ANALYZER_NONNULL = YES;
				CLANG_ANALYZER_NUMBER_OBJECT_CONVERSION = YES_AGGRESSIVE;
				CLANG_CXX_LANGUAGE_STANDARD = "gnu++20";
				CLANG_ENABLE_MODULES = YES;
				CLANG_ENABLE_OBJC_ARC = YES;
				CLANG_ENABLE_OBJC_WEAK = YES;
				CLANG_WARN_BLOCK_CAPTURE_AUTORELEASING = YES;
				CLANG_WARN_BOOL_CONVERSION = YES;
				CLANG_WARN_COMMA = YES;
				CLANG_WARN_CONSTANT_CONVERSION = YES;
				CLANG_WARN_DEPRECATED_OBJC_IMPLEMENTATIONS = YES;
				CLANG_WARN_DIRECT_OBJC_ISA_USAGE = YES_ERROR;
				CLANG_WARN_DOCUMENTATION_COMMENTS = YES;
				CLANG_WARN_EMPTY_BODY = YES;
				CLANG_WARN_ENUM_CONVERSION = YES;
				CLANG_WARN_INFINITE_RECURSION = YES;
				CLANG_WARN_INT_CONVERSION = YES;
				CLANG_WARN_NON_LITERAL_NULL_CONVERSION = YES;
				CLANG_WARN_OBJC_IMPLICIT_RETAIN_SELF = YES;
				CLANG_WARN_OBJC_LITERAL_CONVERSION = YES;
				CLANG_WARN_OBJC_ROOT_CLASS = YES_ERROR;
				CLANG_WARN_QUOTED_INCLUDE_IN_FRAMEWORK_HEADER = YES;
				CLANG_WARN_RANGE_LOOP_ANALYSIS = YES;
				CLANG_WARN_STRICT_PROTOTYPES = YES;
				CLANG_WARN_SUSPICIOUS_MOVE = YES;
				CLANG_WARN_UNGUARDED_AVAILABILITY = YES_AGGRESSIVE;
				CLANG_WARN_UNREACHABLE_CODE = YES;
				CLANG_WARN__DUPLICATE_METHOD_MATCH = YES;
				COPY_PHASE_STRIP = NO;
				DEBUG_INFORMATION_FORMAT = dwarf;
				ENABLE_STRICT_OBJC_MSGSEND = YES;
				ENABLE_TESTABILITY = YES;
				GCC_C_LANGUAGE_STANDARD = gnu11;
				GCC_DYNAMIC_NO_PIC = NO;
				GCC_NO_COMMON_BLOCKS = YES;
				GCC_OPTIMIZATION_LEVEL = 0;
				GCC_PREPROCESSOR_DEFINITIONS = (
					"DEBUG=1",
					"$(inherited)",
				);
				GCC_WARN_64_TO_32_BIT_CONVERSION = YES;
				GCC_WARN_ABOUT_RETURN_TYPE = YES_ERROR;
				GCC_WARN_UNDECLARED_SELECTOR = YES;
				GCC_WARN_UNINITIALIZED_AUTOS = YES_AGGRESSIVE;
				GCC_WARN_UNUSED_FUNCTION = YES;
				GCC_WARN_UNUSED_VARIABLE = YES;
				IPHONEOS_DEPLOYMENT_TARGET = 16.1;
				MTL_ENABLE_DEBUG_INFO = INCLUDE_SOURCE;
				MTL_FAST_MATH = YES;
				ONLY_ACTIVE_ARCH = YES;
				SDKROOT = iphoneos;
				SWIFT_ACTIVE_COMPILATION_CONDITIONS = DEBUG;
				SWIFT_OPTIMIZATION_LEVEL = "-Onone";
			};
			name = Debug;
		};
		BBAAD6AF2931240900D78380 /* Release */ = {
			isa = XCBuildConfiguration;
			buildSettings = {
				ALWAYS_SEARCH_USER_PATHS = NO;
				CLANG_ANALYZER_NONNULL = YES;
				CLANG_ANALYZER_NUMBER_OBJECT_CONVERSION = YES_AGGRESSIVE;
				CLANG_CXX_LANGUAGE_STANDARD = "gnu++20";
				CLANG_ENABLE_MODULES = YES;
				CLANG_ENABLE_OBJC_ARC = YES;
				CLANG_ENABLE_OBJC_WEAK = YES;
				CLANG_WARN_BLOCK_CAPTURE_AUTORELEASING = YES;
				CLANG_WARN_BOOL_CONVERSION = YES;
				CLANG_WARN_COMMA = YES;
				CLANG_WARN_CONSTANT_CONVERSION = YES;
				CLANG_WARN_DEPRECATED_OBJC_IMPLEMENTATIONS = YES;
				CLANG_WARN_DIRECT_OBJC_ISA_USAGE = YES_ERROR;
				CLANG_WARN_DOCUMENTATION_COMMENTS = YES;
				CLANG_WARN_EMPTY_BODY = YES;
				CLANG_WARN_ENUM_CONVERSION = YES;
				CLANG_WARN_INFINITE_RECURSION = YES;
				CLANG_WARN_INT_CONVERSION = YES;
				CLANG_WARN_NON_LITERAL_NULL_CONVERSION = YES;
				CLANG_WARN_OBJC_IMPLICIT_RETAIN_SELF = YES;
				CLANG_WARN_OBJC_LITERAL_CONVERSION = YES;
				CLANG_WARN_OBJC_ROOT_CLASS = YES_ERROR;
				CLANG_WARN_QUOTED_INCLUDE_IN_FRAMEWORK_HEADER = YES;
				CLANG_WARN_RANGE_LOOP_ANALYSIS = YES;
				CLANG_WARN_STRICT_PROTOTYPES = YES;
				CLANG_WARN_SUSPICIOUS_MOVE = YES;
				CLANG_WARN_UNGUARDED_AVAILABILITY = YES_AGGRESSIVE;
				CLANG_WARN_UNREACHABLE_CODE = YES;
				CLANG_WARN__DUPLICATE_METHOD_MATCH = YES;
				COPY_PHASE_STRIP = NO;
				DEBUG_INFORMATION_FORMAT = "dwarf-with-dsym";
				ENABLE_NS_ASSERTIONS = NO;
				ENABLE_STRICT_OBJC_MSGSEND = YES;
				GCC_C_LANGUAGE_STANDARD = gnu11;
				GCC_NO_COMMON_BLOCKS = YES;
				GCC_WARN_64_TO_32_BIT_CONVERSION = YES;
				GCC_WARN_ABOUT_RETURN_TYPE = YES_ERROR;
				GCC_WARN_UNDECLARED_SELECTOR = YES;
				GCC_WARN_UNINITIALIZED_AUTOS = YES_AGGRESSIVE;
				GCC_WARN_UNUSED_FUNCTION = YES;
				GCC_WARN_UNUSED_VARIABLE = YES;
				IPHONEOS_DEPLOYMENT_TARGET = 16.1;
				MTL_ENABLE_DEBUG_INFO = NO;
				MTL_FAST_MATH = YES;
				SDKROOT = iphoneos;
				SWIFT_COMPILATION_MODE = wholemodule;
				SWIFT_OPTIMIZATION_LEVEL = "-O";
				VALIDATE_PRODUCT = YES;
			};
			name = Release;
		};
		BBAAD6B12931240900D78380 /* Debug */ = {
			isa = XCBuildConfiguration;
			buildSettings = {
				ALWAYS_EMBED_SWIFT_STANDARD_LIBRARIES = YES;
				ASSETCATALOG_COMPILER_APPICON_NAME = AppIcon;
				ASSETCATALOG_COMPILER_GLOBAL_ACCENT_COLOR_NAME = AccentColor;
				CODE_SIGN_ENTITLEMENTS = Planner/Planner.entitlements;
				CODE_SIGN_STYLE = Automatic;
				CURRENT_PROJECT_VERSION = 1;
				DEVELOPMENT_TEAM = VFJ7656544;
				ENABLE_PREVIEWS = YES;
				GENERATE_INFOPLIST_FILE = YES;
				INFOPLIST_KEY_UIApplicationSceneManifest_Generation = YES;
				INFOPLIST_KEY_UIApplicationSupportsIndirectInputEvents = YES;
				INFOPLIST_KEY_UILaunchScreen_Generation = YES;
				INFOPLIST_KEY_UILaunchStoryboardName = "Launch Screen.storyboard";
				INFOPLIST_KEY_UISupportedInterfaceOrientations = UIInterfaceOrientationPortrait;
				INFOPLIST_KEY_UISupportedInterfaceOrientations_iPad = "UIInterfaceOrientationLandscapeLeft UIInterfaceOrientationLandscapeRight UIInterfaceOrientationPortrait UIInterfaceOrientationPortraitUpsideDown";
				LD_RUNPATH_SEARCH_PATHS = (
					"$(inherited)",
					"@executable_path/Frameworks",
				);
				MARKETING_VERSION = 1.0;
				PRODUCT_BUNDLE_IDENTIFIER = stuffeddanny.Planner;
				PRODUCT_NAME = "$(TARGET_NAME)";
				SUPPORTED_PLATFORMS = "iphoneos iphonesimulator";
				SUPPORTS_MACCATALYST = NO;
				SUPPORTS_MAC_DESIGNED_FOR_IPHONE_IPAD = NO;
				SWIFT_EMIT_LOC_STRINGS = YES;
				SWIFT_VERSION = 5.0;
				TARGETED_DEVICE_FAMILY = 1;
			};
			name = Debug;
		};
		BBAAD6B22931240900D78380 /* Release */ = {
			isa = XCBuildConfiguration;
			buildSettings = {
				ALWAYS_EMBED_SWIFT_STANDARD_LIBRARIES = YES;
				ASSETCATALOG_COMPILER_APPICON_NAME = AppIcon;
				ASSETCATALOG_COMPILER_GLOBAL_ACCENT_COLOR_NAME = AccentColor;
				CODE_SIGN_ENTITLEMENTS = Planner/Planner.entitlements;
				CODE_SIGN_STYLE = Automatic;
				CURRENT_PROJECT_VERSION = 1;
				DEVELOPMENT_TEAM = VFJ7656544;
				ENABLE_PREVIEWS = YES;
				GENERATE_INFOPLIST_FILE = YES;
				INFOPLIST_KEY_UIApplicationSceneManifest_Generation = YES;
				INFOPLIST_KEY_UIApplicationSupportsIndirectInputEvents = YES;
				INFOPLIST_KEY_UILaunchScreen_Generation = YES;
				INFOPLIST_KEY_UILaunchStoryboardName = "Launch Screen.storyboard";
				INFOPLIST_KEY_UISupportedInterfaceOrientations = UIInterfaceOrientationPortrait;
				INFOPLIST_KEY_UISupportedInterfaceOrientations_iPad = "UIInterfaceOrientationLandscapeLeft UIInterfaceOrientationLandscapeRight UIInterfaceOrientationPortrait UIInterfaceOrientationPortraitUpsideDown";
				LD_RUNPATH_SEARCH_PATHS = (
					"$(inherited)",
					"@executable_path/Frameworks",
				);
				MARKETING_VERSION = 1.0;
				PRODUCT_BUNDLE_IDENTIFIER = stuffeddanny.Planner;
				PRODUCT_NAME = "$(TARGET_NAME)";
				SUPPORTED_PLATFORMS = "iphoneos iphonesimulator";
				SUPPORTS_MACCATALYST = NO;
				SUPPORTS_MAC_DESIGNED_FOR_IPHONE_IPAD = NO;
				SWIFT_EMIT_LOC_STRINGS = YES;
				SWIFT_VERSION = 5.0;
				TARGETED_DEVICE_FAMILY = 1;
			};
			name = Release;
		};
/* End XCBuildConfiguration section */

/* Begin XCConfigurationList section */
		BB9557462942301D00918D6C /* Build configuration list for PBXNativeTarget "PlannerWidgetExtension" */ = {
			isa = XCConfigurationList;
			buildConfigurations = (
				BB9557472942301D00918D6C /* Debug */,
				BB9557482942301D00918D6C /* Release */,
			);
			defaultConfigurationIsVisible = 0;
			defaultConfigurationName = Release;
		};
		BBAAD69D2931240800D78380 /* Build configuration list for PBXProject "Planner" */ = {
			isa = XCConfigurationList;
			buildConfigurations = (
				BBAAD6AE2931240900D78380 /* Debug */,
				BBAAD6AF2931240900D78380 /* Release */,
			);
			defaultConfigurationIsVisible = 0;
			defaultConfigurationName = Release;
		};
		BBAAD6B02931240900D78380 /* Build configuration list for PBXNativeTarget "Planner" */ = {
			isa = XCConfigurationList;
			buildConfigurations = (
				BBAAD6B12931240900D78380 /* Debug */,
				BBAAD6B22931240900D78380 /* Release */,
			);
			defaultConfigurationIsVisible = 0;
			defaultConfigurationName = Release;
		};
/* End XCConfigurationList section */
	};
	rootObject = BBAAD69A2931240800D78380 /* Project object */;
}
