// !$*UTF8*$!
{
	archiveVersion = 1;
	classes = {
	};
	objectVersion = 56;
	objects = {

/* Begin PBXBuildFile section */
		BB9814A12934F3F0004B7302 /* SettingsView.swift in Sources */ = {isa = PBXBuildFile; fileRef = BB9814A02934F3F0004B7302 /* SettingsView.swift */; };
		BB9814A32934F3FC004B7302 /* SettingsViewModel.swift in Sources */ = {isa = PBXBuildFile; fileRef = BB9814A22934F3FC004B7302 /* SettingsViewModel.swift */; };
		BBAAD6A62931240800D78380 /* PlannerApp.swift in Sources */ = {isa = PBXBuildFile; fileRef = BBAAD6A52931240800D78380 /* PlannerApp.swift */; };
		BBAAD6A82931240800D78380 /* MainScreenView.swift in Sources */ = {isa = PBXBuildFile; fileRef = BBAAD6A72931240800D78380 /* MainScreenView.swift */; };
		BBAAD6AA2931240900D78380 /* Assets.xcassets in Resources */ = {isa = PBXBuildFile; fileRef = BBAAD6A92931240900D78380 /* Assets.xcassets */; };
		BBAAD6B52931256000D78380 /* Launch Screen.storyboard in Resources */ = {isa = PBXBuildFile; fileRef = BBAAD6B42931256000D78380 /* Launch Screen.storyboard */; };
		BBAAD6B7293127B100D78380 /* LaunchView.swift in Sources */ = {isa = PBXBuildFile; fileRef = BBAAD6B6293127B100D78380 /* LaunchView.swift */; };
		BBAAD6BC2931438600D78380 /* CalendarView.swift in Sources */ = {isa = PBXBuildFile; fileRef = BBAAD6BB2931438600D78380 /* CalendarView.swift */; };
		BBAAD6BE293143D100D78380 /* Date.swift in Sources */ = {isa = PBXBuildFile; fileRef = BBAAD6BD293143D100D78380 /* Date.swift */; };
		BBAAD6C029316A7B00D78380 /* DayView.swift in Sources */ = {isa = PBXBuildFile; fileRef = BBAAD6BF29316A7B00D78380 /* DayView.swift */; };
		BBAAD6C2293272CD00D78380 /* Color.swift in Sources */ = {isa = PBXBuildFile; fileRef = BBAAD6C1293272CD00D78380 /* Color.swift */; };
		BBAAD6C42932745700D78380 /* MainScreenViewModel.swift in Sources */ = {isa = PBXBuildFile; fileRef = BBAAD6C32932745700D78380 /* MainScreenViewModel.swift */; };
		BBAAD6C62932752700D78380 /* DayModel.swift in Sources */ = {isa = PBXBuildFile; fileRef = BBAAD6C52932752700D78380 /* DayModel.swift */; };
		BBAAD6CC29327B8600D78380 /* CalendarViewModel.swift in Sources */ = {isa = PBXBuildFile; fileRef = BBAAD6CB29327B8600D78380 /* CalendarViewModel.swift */; };
		BBAAD6CF29327C0600D78380 /* DevPrefs.swift in Sources */ = {isa = PBXBuildFile; fileRef = BBAAD6CE29327C0600D78380 /* DevPrefs.swift */; };
/* End PBXBuildFile section */

/* Begin PBXFileReference section */
		BB9814A02934F3F0004B7302 /* SettingsView.swift */ = {isa = PBXFileReference; lastKnownFileType = sourcecode.swift; path = SettingsView.swift; sourceTree = "<group>"; };
		BB9814A22934F3FC004B7302 /* SettingsViewModel.swift */ = {isa = PBXFileReference; lastKnownFileType = sourcecode.swift; path = SettingsViewModel.swift; sourceTree = "<group>"; };
		BBAAD6A22931240800D78380 /* Planner.app */ = {isa = PBXFileReference; explicitFileType = wrapper.application; includeInIndex = 0; path = Planner.app; sourceTree = BUILT_PRODUCTS_DIR; };
		BBAAD6A52931240800D78380 /* PlannerApp.swift */ = {isa = PBXFileReference; lastKnownFileType = sourcecode.swift; path = PlannerApp.swift; sourceTree = "<group>"; };
		BBAAD6A72931240800D78380 /* MainScreenView.swift */ = {isa = PBXFileReference; lastKnownFileType = sourcecode.swift; path = MainScreenView.swift; sourceTree = "<group>"; };
		BBAAD6A92931240900D78380 /* Assets.xcassets */ = {isa = PBXFileReference; lastKnownFileType = folder.assetcatalog; path = Assets.xcassets; sourceTree = "<group>"; };
		BBAAD6B42931256000D78380 /* Launch Screen.storyboard */ = {isa = PBXFileReference; lastKnownFileType = file.storyboard; path = "Launch Screen.storyboard"; sourceTree = "<group>"; };
		BBAAD6B6293127B100D78380 /* LaunchView.swift */ = {isa = PBXFileReference; lastKnownFileType = sourcecode.swift; path = LaunchView.swift; sourceTree = "<group>"; };
		BBAAD6BB2931438600D78380 /* CalendarView.swift */ = {isa = PBXFileReference; lastKnownFileType = sourcecode.swift; path = CalendarView.swift; sourceTree = "<group>"; };
		BBAAD6BD293143D100D78380 /* Date.swift */ = {isa = PBXFileReference; lastKnownFileType = sourcecode.swift; path = Date.swift; sourceTree = "<group>"; };
		BBAAD6BF29316A7B00D78380 /* DayView.swift */ = {isa = PBXFileReference; lastKnownFileType = sourcecode.swift; path = DayView.swift; sourceTree = "<group>"; };
		BBAAD6C1293272CD00D78380 /* Color.swift */ = {isa = PBXFileReference; lastKnownFileType = sourcecode.swift; path = Color.swift; sourceTree = "<group>"; };
		BBAAD6C32932745700D78380 /* MainScreenViewModel.swift */ = {isa = PBXFileReference; lastKnownFileType = sourcecode.swift; path = MainScreenViewModel.swift; sourceTree = "<group>"; };
		BBAAD6C52932752700D78380 /* DayModel.swift */ = {isa = PBXFileReference; lastKnownFileType = sourcecode.swift; path = DayModel.swift; sourceTree = "<group>"; };
		BBAAD6CB29327B8600D78380 /* CalendarViewModel.swift */ = {isa = PBXFileReference; lastKnownFileType = sourcecode.swift; path = CalendarViewModel.swift; sourceTree = "<group>"; };
		BBAAD6CE29327C0600D78380 /* DevPrefs.swift */ = {isa = PBXFileReference; lastKnownFileType = sourcecode.swift; path = DevPrefs.swift; sourceTree = "<group>"; };
/* End PBXFileReference section */

/* Begin PBXFrameworksBuildPhase section */
		BBAAD69F2931240800D78380 /* Frameworks */ = {
			isa = PBXFrameworksBuildPhase;
			buildActionMask = 2147483647;
			files = (
			);
			runOnlyForDeploymentPostprocessing = 0;
		};
/* End PBXFrameworksBuildPhase section */

/* Begin PBXGroup section */
		BBAAD6992931240800D78380 = {
			isa = PBXGroup;
			children = (
				BBAAD6A42931240800D78380 /* Planner */,
				BBAAD6A32931240800D78380 /* Products */,
			);
			sourceTree = "<group>";
		};
		BBAAD6A32931240800D78380 /* Products */ = {
			isa = PBXGroup;
			children = (
				BBAAD6A22931240800D78380 /* Planner.app */,
			);
			name = Products;
			sourceTree = "<group>";
		};
		BBAAD6A42931240800D78380 /* Planner */ = {
			isa = PBXGroup;
			children = (
				BBAAD6A52931240800D78380 /* PlannerApp.swift */,
				BBAAD6CA29327B7200D78380 /* ViewModels */,
				BBAAD6C829327B6200D78380 /* Views */,
				BBAAD6CD29327BF300D78380 /* Other */,
				BBAAD6C729327B5600D78380 /* Models */,
				BBAAD6B82931280A00D78380 /* Extensions */,
				BBAAD6B32931255600D78380 /* Launch */,
				BBAAD6A92931240900D78380 /* Assets.xcassets */,
			);
			path = Planner;
			sourceTree = "<group>";
		};
		BBAAD6B32931255600D78380 /* Launch */ = {
			isa = PBXGroup;
			children = (
				BBAAD6B42931256000D78380 /* Launch Screen.storyboard */,
				BBAAD6B6293127B100D78380 /* LaunchView.swift */,
			);
			path = Launch;
			sourceTree = "<group>";
		};
		BBAAD6B82931280A00D78380 /* Extensions */ = {
			isa = PBXGroup;
			children = (
				BBAAD6BD293143D100D78380 /* Date.swift */,
				BBAAD6C1293272CD00D78380 /* Color.swift */,
			);
			path = Extensions;
			sourceTree = "<group>";
		};
		BBAAD6C729327B5600D78380 /* Models */ = {
			isa = PBXGroup;
			children = (
				BBAAD6C52932752700D78380 /* DayModel.swift */,
			);
			path = Models;
			sourceTree = "<group>";
		};
		BBAAD6C829327B6200D78380 /* Views */ = {
			isa = PBXGroup;
			children = (
				BBAAD6A72931240800D78380 /* MainScreenView.swift */,
				BBAAD6BB2931438600D78380 /* CalendarView.swift */,
				BBAAD6BF29316A7B00D78380 /* DayView.swift */,
				BB9814A02934F3F0004B7302 /* SettingsView.swift */,
			);
			path = Views;
			sourceTree = "<group>";
		};
		BBAAD6CA29327B7200D78380 /* ViewModels */ = {
			isa = PBXGroup;
			children = (
				BBAAD6C32932745700D78380 /* MainScreenViewModel.swift */,
				BBAAD6CB29327B8600D78380 /* CalendarViewModel.swift */,
				BB9814A22934F3FC004B7302 /* SettingsViewModel.swift */,
			);
			path = ViewModels;
			sourceTree = "<group>";
		};
		BBAAD6CD29327BF300D78380 /* Other */ = {
			isa = PBXGroup;
			children = (
				BBAAD6CE29327C0600D78380 /* DevPrefs.swift */,
			);
			path = Other;
			sourceTree = "<group>";
		};
/* End PBXGroup section */

/* Begin PBXNativeTarget section */
		BBAAD6A12931240800D78380 /* Planner */ = {
			isa = PBXNativeTarget;
			buildConfigurationList = BBAAD6B02931240900D78380 /* Build configuration list for PBXNativeTarget "Planner" */;
			buildPhases = (
				BBAAD69E2931240800D78380 /* Sources */,
				BBAAD69F2931240800D78380 /* Frameworks */,
				BBAAD6A02931240800D78380 /* Resources */,
			);
			buildRules = (
			);
			dependencies = (
			);
			name = Planner;
			productName = Planner;
			productReference = BBAAD6A22931240800D78380 /* Planner.app */;
			productType = "com.apple.product-type.application";
		};
/* End PBXNativeTarget section */

/* Begin PBXProject section */
		BBAAD69A2931240800D78380 /* Project object */ = {
			isa = PBXProject;
			attributes = {
				BuildIndependentTargetsInParallel = 1;
				LastSwiftUpdateCheck = 1410;
				LastUpgradeCheck = 1410;
				TargetAttributes = {
					BBAAD6A12931240800D78380 = {
						CreatedOnToolsVersion = 14.1;
					};
				};
			};
			buildConfigurationList = BBAAD69D2931240800D78380 /* Build configuration list for PBXProject "Planner" */;
			compatibilityVersion = "Xcode 14.0";
			developmentRegion = en;
			hasScannedForEncodings = 0;
			knownRegions = (
				en,
				Base,
			);
			mainGroup = BBAAD6992931240800D78380;
			productRefGroup = BBAAD6A32931240800D78380 /* Products */;
			projectDirPath = "";
			projectRoot = "";
			targets = (
				BBAAD6A12931240800D78380 /* Planner */,
			);
		};
/* End PBXProject section */

/* Begin PBXResourcesBuildPhase section */
		BBAAD6A02931240800D78380 /* Resources */ = {
			isa = PBXResourcesBuildPhase;
			buildActionMask = 2147483647;
			files = (
				BBAAD6B52931256000D78380 /* Launch Screen.storyboard in Resources */,
				BBAAD6AA2931240900D78380 /* Assets.xcassets in Resources */,
			);
			runOnlyForDeploymentPostprocessing = 0;
		};
/* End PBXResourcesBuildPhase section */

/* Begin PBXSourcesBuildPhase section */
		BBAAD69E2931240800D78380 /* Sources */ = {
			isa = PBXSourcesBuildPhase;
			buildActionMask = 2147483647;
			files = (
				BBAAD6C029316A7B00D78380 /* DayView.swift in Sources */,
				BBAAD6A82931240800D78380 /* MainScreenView.swift in Sources */,
				BBAAD6CF29327C0600D78380 /* DevPrefs.swift in Sources */,
				BBAAD6C2293272CD00D78380 /* Color.swift in Sources */,
				BBAAD6C62932752700D78380 /* DayModel.swift in Sources */,
				BBAAD6CC29327B8600D78380 /* CalendarViewModel.swift in Sources */,
				BBAAD6BE293143D100D78380 /* Date.swift in Sources */,
				BBAAD6B7293127B100D78380 /* LaunchView.swift in Sources */,
				BB9814A32934F3FC004B7302 /* SettingsViewModel.swift in Sources */,
				BBAAD6C42932745700D78380 /* MainScreenViewModel.swift in Sources */,
				BB9814A12934F3F0004B7302 /* SettingsView.swift in Sources */,
				BBAAD6A62931240800D78380 /* PlannerApp.swift in Sources */,
				BBAAD6BC2931438600D78380 /* CalendarView.swift in Sources */,
			);
			runOnlyForDeploymentPostprocessing = 0;
		};
/* End PBXSourcesBuildPhase section */

/* Begin XCBuildConfiguration section */
		BBAAD6AE2931240900D78380 /* Debug */ = {
			isa = XCBuildConfiguration;
			buildSettings = {
				ALWAYS_SEARCH_USER_PATHS = NO;
				CLANG_ANALYZER_NONNULL = YES;
				CLANG_ANALYZER_NUMBER_OBJECT_CONVERSION = YES_AGGRESSIVE;
				CLANG_CXX_LANGUAGE_STANDARD = "gnu++20";
				CLANG_ENABLE_MODULES = YES;
				CLANG_ENABLE_OBJC_ARC = YES;
				CLANG_ENABLE_OBJC_WEAK = YES;
				CLANG_WARN_BLOCK_CAPTURE_AUTORELEASING = YES;
				CLANG_WARN_BOOL_CONVERSION = YES;
				CLANG_WARN_COMMA = YES;
				CLANG_WARN_CONSTANT_CONVERSION = YES;
				CLANG_WARN_DEPRECATED_OBJC_IMPLEMENTATIONS = YES;
				CLANG_WARN_DIRECT_OBJC_ISA_USAGE = YES_ERROR;
				CLANG_WARN_DOCUMENTATION_COMMENTS = YES;
				CLANG_WARN_EMPTY_BODY = YES;
				CLANG_WARN_ENUM_CONVERSION = YES;
				CLANG_WARN_INFINITE_RECURSION = YES;
				CLANG_WARN_INT_CONVERSION = YES;
				CLANG_WARN_NON_LITERAL_NULL_CONVERSION = YES;
				CLANG_WARN_OBJC_IMPLICIT_RETAIN_SELF = YES;
				CLANG_WARN_OBJC_LITERAL_CONVERSION = YES;
				CLANG_WARN_OBJC_ROOT_CLASS = YES_ERROR;
				CLANG_WARN_QUOTED_INCLUDE_IN_FRAMEWORK_HEADER = YES;
				CLANG_WARN_RANGE_LOOP_ANALYSIS = YES;
				CLANG_WARN_STRICT_PROTOTYPES = YES;
				CLANG_WARN_SUSPICIOUS_MOVE = YES;
				CLANG_WARN_UNGUARDED_AVAILABILITY = YES_AGGRESSIVE;
				CLANG_WARN_UNREACHABLE_CODE = YES;
				CLANG_WARN__DUPLICATE_METHOD_MATCH = YES;
				COPY_PHASE_STRIP = NO;
				DEBUG_INFORMATION_FORMAT = dwarf;
				ENABLE_STRICT_OBJC_MSGSEND = YES;
				ENABLE_TESTABILITY = YES;
				GCC_C_LANGUAGE_STANDARD = gnu11;
				GCC_DYNAMIC_NO_PIC = NO;
				GCC_NO_COMMON_BLOCKS = YES;
				GCC_OPTIMIZATION_LEVEL = 0;
				GCC_PREPROCESSOR_DEFINITIONS = (
					"DEBUG=1",
					"$(inherited)",
				);
				GCC_WARN_64_TO_32_BIT_CONVERSION = YES;
				GCC_WARN_ABOUT_RETURN_TYPE = YES_ERROR;
				GCC_WARN_UNDECLARED_SELECTOR = YES;
				GCC_WARN_UNINITIALIZED_AUTOS = YES_AGGRESSIVE;
				GCC_WARN_UNUSED_FUNCTION = YES;
				GCC_WARN_UNUSED_VARIABLE = YES;
				IPHONEOS_DEPLOYMENT_TARGET = 16.1;
				MTL_ENABLE_DEBUG_INFO = INCLUDE_SOURCE;
				MTL_FAST_MATH = YES;
				ONLY_ACTIVE_ARCH = YES;
				SDKROOT = iphoneos;
				SWIFT_ACTIVE_COMPILATION_CONDITIONS = DEBUG;
				SWIFT_OPTIMIZATION_LEVEL = "-Onone";
			};
			name = Debug;
		};
		BBAAD6AF2931240900D78380 /* Release */ = {
			isa = XCBuildConfiguration;
			buildSettings = {
				ALWAYS_SEARCH_USER_PATHS = NO;
				CLANG_ANALYZER_NONNULL = YES;
				CLANG_ANALYZER_NUMBER_OBJECT_CONVERSION = YES_AGGRESSIVE;
				CLANG_CXX_LANGUAGE_STANDARD = "gnu++20";
				CLANG_ENABLE_MODULES = YES;
				CLANG_ENABLE_OBJC_ARC = YES;
				CLANG_ENABLE_OBJC_WEAK = YES;
				CLANG_WARN_BLOCK_CAPTURE_AUTORELEASING = YES;
				CLANG_WARN_BOOL_CONVERSION = YES;
				CLANG_WARN_COMMA = YES;
				CLANG_WARN_CONSTANT_CONVERSION = YES;
				CLANG_WARN_DEPRECATED_OBJC_IMPLEMENTATIONS = YES;
				CLANG_WARN_DIRECT_OBJC_ISA_USAGE = YES_ERROR;
				CLANG_WARN_DOCUMENTATION_COMMENTS = YES;
				CLANG_WARN_EMPTY_BODY = YES;
				CLANG_WARN_ENUM_CONVERSION = YES;
				CLANG_WARN_INFINITE_RECURSION = YES;
				CLANG_WARN_INT_CONVERSION = YES;
				CLANG_WARN_NON_LITERAL_NULL_CONVERSION = YES;
				CLANG_WARN_OBJC_IMPLICIT_RETAIN_SELF = YES;
				CLANG_WARN_OBJC_LITERAL_CONVERSION = YES;
				CLANG_WARN_OBJC_ROOT_CLASS = YES_ERROR;
				CLANG_WARN_QUOTED_INCLUDE_IN_FRAMEWORK_HEADER = YES;
				CLANG_WARN_RANGE_LOOP_ANALYSIS = YES;
				CLANG_WARN_STRICT_PROTOTYPES = YES;
				CLANG_WARN_SUSPICIOUS_MOVE = YES;
				CLANG_WARN_UNGUARDED_AVAILABILITY = YES_AGGRESSIVE;
				CLANG_WARN_UNREACHABLE_CODE = YES;
				CLANG_WARN__DUPLICATE_METHOD_MATCH = YES;
				COPY_PHASE_STRIP = NO;
				DEBUG_INFORMATION_FORMAT = "dwarf-with-dsym";
				ENABLE_NS_ASSERTIONS = NO;
				ENABLE_STRICT_OBJC_MSGSEND = YES;
				GCC_C_LANGUAGE_STANDARD = gnu11;
				GCC_NO_COMMON_BLOCKS = YES;
				GCC_WARN_64_TO_32_BIT_CONVERSION = YES;
				GCC_WARN_ABOUT_RETURN_TYPE = YES_ERROR;
				GCC_WARN_UNDECLARED_SELECTOR = YES;
				GCC_WARN_UNINITIALIZED_AUTOS = YES_AGGRESSIVE;
				GCC_WARN_UNUSED_FUNCTION = YES;
				GCC_WARN_UNUSED_VARIABLE = YES;
				IPHONEOS_DEPLOYMENT_TARGET = 16.1;
				MTL_ENABLE_DEBUG_INFO = NO;
				MTL_FAST_MATH = YES;
				SDKROOT = iphoneos;
				SWIFT_COMPILATION_MODE = wholemodule;
				SWIFT_OPTIMIZATION_LEVEL = "-O";
				VALIDATE_PRODUCT = YES;
			};
			name = Release;
		};
		BBAAD6B12931240900D78380 /* Debug */ = {
			isa = XCBuildConfiguration;
			buildSettings = {
				ASSETCATALOG_COMPILER_APPICON_NAME = AppIcon;
				ASSETCATALOG_COMPILER_GLOBAL_ACCENT_COLOR_NAME = AccentColor;
				CODE_SIGN_STYLE = Automatic;
				CURRENT_PROJECT_VERSION = 1;
				DEVELOPMENT_TEAM = VFJ7656544;
				ENABLE_PREVIEWS = YES;
				GENERATE_INFOPLIST_FILE = YES;
				INFOPLIST_KEY_UIApplicationSceneManifest_Generation = YES;
				INFOPLIST_KEY_UIApplicationSupportsIndirectInputEvents = YES;
				INFOPLIST_KEY_UILaunchScreen_Generation = YES;
				INFOPLIST_KEY_UILaunchStoryboardName = "Launch Screen.storyboard";
				INFOPLIST_KEY_UISupportedInterfaceOrientations = UIInterfaceOrientationPortrait;
				INFOPLIST_KEY_UISupportedInterfaceOrientations_iPad = "UIInterfaceOrientationLandscapeLeft UIInterfaceOrientationLandscapeRight UIInterfaceOrientationPortrait UIInterfaceOrientationPortraitUpsideDown";
				LD_RUNPATH_SEARCH_PATHS = (
					"$(inherited)",
					"@executable_path/Frameworks",
				);
				MARKETING_VERSION = 1.0;
				PRODUCT_BUNDLE_IDENTIFIER = stuffeddanny.Planner;
				PRODUCT_NAME = "$(TARGET_NAME)";
				SUPPORTED_PLATFORMS = "iphoneos iphonesimulator";
				SUPPORTS_MACCATALYST = NO;
				SUPPORTS_MAC_DESIGNED_FOR_IPHONE_IPAD = NO;
				SWIFT_EMIT_LOC_STRINGS = YES;
				SWIFT_VERSION = 5.0;
				TARGETED_DEVICE_FAMILY = 1;
			};
			name = Debug;
		};
		BBAAD6B22931240900D78380 /* Release */ = {
			isa = XCBuildConfiguration;
			buildSettings = {
				ASSETCATALOG_COMPILER_APPICON_NAME = AppIcon;
				ASSETCATALOG_COMPILER_GLOBAL_ACCENT_COLOR_NAME = AccentColor;
				CODE_SIGN_STYLE = Automatic;
				CURRENT_PROJECT_VERSION = 1;
				DEVELOPMENT_TEAM = VFJ7656544;
				ENABLE_PREVIEWS = YES;
				GENERATE_INFOPLIST_FILE = YES;
				INFOPLIST_KEY_UIApplicationSceneManifest_Generation = YES;
				INFOPLIST_KEY_UIApplicationSupportsIndirectInputEvents = YES;
				INFOPLIST_KEY_UILaunchScreen_Generation = YES;
				INFOPLIST_KEY_UILaunchStoryboardName = "Launch Screen.storyboard";
				INFOPLIST_KEY_UISupportedInterfaceOrientations = UIInterfaceOrientationPortrait;
				INFOPLIST_KEY_UISupportedInterfaceOrientations_iPad = "UIInterfaceOrientationLandscapeLeft UIInterfaceOrientationLandscapeRight UIInterfaceOrientationPortrait UIInterfaceOrientationPortraitUpsideDown";
				LD_RUNPATH_SEARCH_PATHS = (
					"$(inherited)",
					"@executable_path/Frameworks",
				);
				MARKETING_VERSION = 1.0;
				PRODUCT_BUNDLE_IDENTIFIER = stuffeddanny.Planner;
				PRODUCT_NAME = "$(TARGET_NAME)";
				SUPPORTED_PLATFORMS = "iphoneos iphonesimulator";
				SUPPORTS_MACCATALYST = NO;
				SUPPORTS_MAC_DESIGNED_FOR_IPHONE_IPAD = NO;
				SWIFT_EMIT_LOC_STRINGS = YES;
				SWIFT_VERSION = 5.0;
				TARGETED_DEVICE_FAMILY = 1;
			};
			name = Release;
		};
/* End XCBuildConfiguration section */

/* Begin XCConfigurationList section */
		BBAAD69D2931240800D78380 /* Build configuration list for PBXProject "Planner" */ = {
			isa = XCConfigurationList;
			buildConfigurations = (
				BBAAD6AE2931240900D78380 /* Debug */,
				BBAAD6AF2931240900D78380 /* Release */,
			);
			defaultConfigurationIsVisible = 0;
			defaultConfigurationName = Release;
		};
		BBAAD6B02931240900D78380 /* Build configuration list for PBXNativeTarget "Planner" */ = {
			isa = XCConfigurationList;
			buildConfigurations = (
				BBAAD6B12931240900D78380 /* Debug */,
				BBAAD6B22931240900D78380 /* Release */,
			);
			defaultConfigurationIsVisible = 0;
			defaultConfigurationName = Release;
		};
/* End XCConfigurationList section */
	};
	rootObject = BBAAD69A2931240800D78380 /* Project object */;
}
